// !$*UTF8*$!
{
	archiveVersion = 1;
	classes = {
	};
	objectVersion = 50;
	objects = {

/* Begin PBXBuildFile section */
		2537825F21B1103900E0203E /* LanguageViewController.swift in Sources */ = {isa = PBXBuildFile; fileRef = 2537825E21B1103900E0203E /* LanguageViewController.swift */; };
		25922E2621AFD35800E72195 /* gear-512.png in Resources */ = {isa = PBXBuildFile; fileRef = 25922E2521AFD35800E72195 /* gear-512.png */; };
		25922E2821AFD39500E72195 /* SettingViewController.swift in Sources */ = {isa = PBXBuildFile; fileRef = 25922E2721AFD39500E72195 /* SettingViewController.swift */; };
		3616588121A0A09C002F3F64 /* ROGoogleTranslate.swift in Sources */ = {isa = PBXBuildFile; fileRef = 3616588021A0A09C002F3F64 /* ROGoogleTranslate.swift */; };
		367BA3342163FA1D00140314 /* AppDelegate.swift in Sources */ = {isa = PBXBuildFile; fileRef = 367BA3332163FA1D00140314 /* AppDelegate.swift */; };
		367BA3362163FA1D00140314 /* art.scnassets in Resources */ = {isa = PBXBuildFile; fileRef = 367BA3352163FA1D00140314 /* art.scnassets */; };
		367BA3382163FA1D00140314 /* ViewController.swift in Sources */ = {isa = PBXBuildFile; fileRef = 367BA3372163FA1D00140314 /* ViewController.swift */; };
		367BA33B2163FA1D00140314 /* Main.storyboard in Resources */ = {isa = PBXBuildFile; fileRef = 367BA3392163FA1D00140314 /* Main.storyboard */; };
		367BA33D2163FA1E00140314 /* Assets.xcassets in Resources */ = {isa = PBXBuildFile; fileRef = 367BA33C2163FA1E00140314 /* Assets.xcassets */; };
		367BA3402163FA1E00140314 /* LaunchScreen.storyboard in Resources */ = {isa = PBXBuildFile; fileRef = 367BA33E2163FA1E00140314 /* LaunchScreen.storyboard */; };
		368DE39F21828F7200CCD255 /* ImageModel.swift in Sources */ = {isa = PBXBuildFile; fileRef = 368DE39E21828F7200CCD255 /* ImageModel.swift */; };
		E085DC4C21B343B6006E288A /* NewMLModel.mlmodel in Sources */ = {isa = PBXBuildFile; fileRef = E085DC4A21B343B6006E288A /* NewMLModel.mlmodel */; };
		E085DC4D21B343B6006E288A /* PetsML.mlmodel in Sources */ = {isa = PBXBuildFile; fileRef = E085DC4B21B343B6006E288A /* PetsML.mlmodel */; };
		E085DC4F21B34BD6006E288A /* ModelViewController.swift in Sources */ = {isa = PBXBuildFile; fileRef = E085DC4E21B34BD6006E288A /* ModelViewController.swift */; };
		E085DC7B21B36D83006E288A /* ModelViewController.swift in Sources */ = {isa = PBXBuildFile; fileRef = E085DC7A21B36D83006E288A /* ModelViewController.swift */; };
/* End PBXBuildFile section */

/* Begin PBXFileReference section */
		2537825E21B1103900E0203E /* LanguageViewController.swift */ = {isa = PBXFileReference; lastKnownFileType = sourcecode.swift; path = LanguageViewController.swift; sourceTree = "<group>"; };
		25922E2521AFD35800E72195 /* gear-512.png */ = {isa = PBXFileReference; lastKnownFileType = image.png; path = "gear-512.png"; sourceTree = "<group>"; };
		25922E2721AFD39500E72195 /* SettingViewController.swift */ = {isa = PBXFileReference; lastKnownFileType = sourcecode.swift; path = SettingViewController.swift; sourceTree = "<group>"; };
		3616588021A0A09C002F3F64 /* ROGoogleTranslate.swift */ = {isa = PBXFileReference; lastKnownFileType = sourcecode.swift; path = ROGoogleTranslate.swift; sourceTree = "<group>"; };
		367BA3302163FA1D00140314 /* ARKitDemo.app */ = {isa = PBXFileReference; explicitFileType = wrapper.application; includeInIndex = 0; path = ARKitDemo.app; sourceTree = BUILT_PRODUCTS_DIR; };
		367BA3332163FA1D00140314 /* AppDelegate.swift */ = {isa = PBXFileReference; lastKnownFileType = sourcecode.swift; path = AppDelegate.swift; sourceTree = "<group>"; };
		367BA3352163FA1D00140314 /* art.scnassets */ = {isa = PBXFileReference; lastKnownFileType = wrapper.scnassets; path = art.scnassets; sourceTree = "<group>"; };
		367BA3372163FA1D00140314 /* ViewController.swift */ = {isa = PBXFileReference; lastKnownFileType = sourcecode.swift; path = ViewController.swift; sourceTree = "<group>"; };
		367BA33A2163FA1D00140314 /* Base */ = {isa = PBXFileReference; lastKnownFileType = file.storyboard; name = Base; path = Base.lproj/Main.storyboard; sourceTree = "<group>"; };
		367BA33C2163FA1E00140314 /* Assets.xcassets */ = {isa = PBXFileReference; lastKnownFileType = folder.assetcatalog; path = Assets.xcassets; sourceTree = "<group>"; };
		367BA33F2163FA1E00140314 /* Base */ = {isa = PBXFileReference; lastKnownFileType = file.storyboard; name = Base; path = Base.lproj/LaunchScreen.storyboard; sourceTree = "<group>"; };
		367BA3412163FA1E00140314 /* Info.plist */ = {isa = PBXFileReference; lastKnownFileType = text.plist.xml; path = Info.plist; sourceTree = "<group>"; };
		368DE39E21828F7200CCD255 /* ImageModel.swift */ = {isa = PBXFileReference; lastKnownFileType = sourcecode.swift; path = ImageModel.swift; sourceTree = "<group>"; };
		E085DC4A21B343B6006E288A /* NewMLModel.mlmodel */ = {isa = PBXFileReference; lastKnownFileType = file.mlmodel; path = NewMLModel.mlmodel; sourceTree = "<group>"; };
		E085DC4B21B343B6006E288A /* PetsML.mlmodel */ = {isa = PBXFileReference; lastKnownFileType = file.mlmodel; path = PetsML.mlmodel; sourceTree = "<group>"; };
		E085DC4E21B34BD6006E288A /* ModelViewController.swift */ = {isa = PBXFileReference; fileEncoding = 4; lastKnownFileType = sourcecode.swift; path = ModelViewController.swift; sourceTree = "<group>"; };
		E085DC7A21B36D83006E288A /* ModelViewController.swift */ = {isa = PBXFileReference; fileEncoding = 4; lastKnownFileType = sourcecode.swift; path = ModelViewController.swift; sourceTree = "<group>"; };
/* End PBXFileReference section */

/* Begin PBXFrameworksBuildPhase section */
		367BA32D2163FA1D00140314 /* Frameworks */ = {
			isa = PBXFrameworksBuildPhase;
			buildActionMask = 2147483647;
			files = (
			);
			runOnlyForDeploymentPostprocessing = 0;
		};
/* End PBXFrameworksBuildPhase section */

/* Begin PBXGroup section */
		366F629D21A1F84C00C9A108 /* Supporting Files */ = {
			isa = PBXGroup;
			children = (
				367BA3332163FA1D00140314 /* AppDelegate.swift */,
				367BA3352163FA1D00140314 /* art.scnassets */,
				367BA33C2163FA1E00140314 /* Assets.xcassets */,
			);
			path = "Supporting Files";
			sourceTree = "<group>";
		};
		367BA3272163FA1D00140314 = {
			isa = PBXGroup;
			children = (
				367BA3322163FA1D00140314 /* ARKitDemo */,
				367BA3312163FA1D00140314 /* Products */,
				E085DC7921B36D74006E288A /* Recovered References */,
			);
			sourceTree = "<group>";
		};
		367BA3312163FA1D00140314 /* Products */ = {
			isa = PBXGroup;
			children = (
				367BA3302163FA1D00140314 /* ARKitDemo.app */,
			);
			name = Products;
			sourceTree = "<group>";
		};
		367BA3322163FA1D00140314 /* ARKitDemo */ = {
			isa = PBXGroup;
			children = (
				367BA3372163FA1D00140314 /* ViewController.swift */,
				368DE39E21828F7200CCD255 /* ImageModel.swift */,
				25922E2521AFD35800E72195 /* gear-512.png */,
				3616588021A0A09C002F3F64 /* ROGoogleTranslate.swift */,
				E085DC4A21B343B6006E288A /* NewMLModel.mlmodel */,
				E085DC4B21B343B6006E288A /* PetsML.mlmodel */,
				367BA3392163FA1D00140314 /* Main.storyboard */,
				E085DC7A21B36D83006E288A /* ModelViewController.swift */,
				367BA33E2163FA1E00140314 /* LaunchScreen.storyboard */,
				367BA3412163FA1E00140314 /* Info.plist */,
				366F629D21A1F84C00C9A108 /* Supporting Files */,
				25922E2721AFD39500E72195 /* SettingViewController.swift */,
				2537825E21B1103900E0203E /* LanguageViewController.swift */,
			);
			path = ARKitDemo;
			sourceTree = "<group>";
		};
		E085DC7921B36D74006E288A /* Recovered References */ = {
			isa = PBXGroup;
			children = (
				E085DC4E21B34BD6006E288A /* ModelViewController.swift */,
			);
			name = "Recovered References";
			sourceTree = "<group>";
		};
/* End PBXGroup section */

/* Begin PBXNativeTarget section */
		367BA32F2163FA1D00140314 /* ARKitDemo */ = {
			isa = PBXNativeTarget;
			buildConfigurationList = 367BA3442163FA1E00140314 /* Build configuration list for PBXNativeTarget "ARKitDemo" */;
			buildPhases = (
				367BA32C2163FA1D00140314 /* Sources */,
				367BA32D2163FA1D00140314 /* Frameworks */,
				367BA32E2163FA1D00140314 /* Resources */,
			);
			buildRules = (
			);
			dependencies = (
			);
			name = ARKitDemo;
			productName = ARKitDemo;
			productReference = 367BA3302163FA1D00140314 /* ARKitDemo.app */;
			productType = "com.apple.product-type.application";
		};
/* End PBXNativeTarget section */

/* Begin PBXProject section */
		367BA3282163FA1D00140314 /* Project object */ = {
			isa = PBXProject;
			attributes = {
				LastSwiftUpdateCheck = 1000;
				LastUpgradeCheck = 1000;
				ORGANIZATIONNAME = nnlamb25;
				TargetAttributes = {
					367BA32F2163FA1D00140314 = {
						CreatedOnToolsVersion = 10.0;
					};
				};
			};
			buildConfigurationList = 367BA32B2163FA1D00140314 /* Build configuration list for PBXProject "ARKitDemo" */;
			compatibilityVersion = "Xcode 9.3";
			developmentRegion = en;
			hasScannedForEncodings = 0;
			knownRegions = (
				en,
				Base,
			);
			mainGroup = 367BA3272163FA1D00140314;
			productRefGroup = 367BA3312163FA1D00140314 /* Products */;
			projectDirPath = "";
			projectRoot = "";
			targets = (
				367BA32F2163FA1D00140314 /* ARKitDemo */,
			);
		};
/* End PBXProject section */

/* Begin PBXResourcesBuildPhase section */
		367BA32E2163FA1D00140314 /* Resources */ = {
			isa = PBXResourcesBuildPhase;
			buildActionMask = 2147483647;
			files = (
				367BA3362163FA1D00140314 /* art.scnassets in Resources */,
				367BA3402163FA1E00140314 /* LaunchScreen.storyboard in Resources */,
				25922E2621AFD35800E72195 /* gear-512.png in Resources */,
				367BA33D2163FA1E00140314 /* Assets.xcassets in Resources */,
				367BA33B2163FA1D00140314 /* Main.storyboard in Resources */,
			);
			runOnlyForDeploymentPostprocessing = 0;
		};
/* End PBXResourcesBuildPhase section */

/* Begin PBXSourcesBuildPhase section */
		367BA32C2163FA1D00140314 /* Sources */ = {
			isa = PBXSourcesBuildPhase;
			buildActionMask = 2147483647;
			files = (
				25922E2821AFD39500E72195 /* SettingViewController.swift in Sources */,
				367BA3382163FA1D00140314 /* ViewController.swift in Sources */,
				E085DC4F21B34BD6006E288A /* ModelViewController.swift in Sources */,
				E085DC4D21B343B6006E288A /* PetsML.mlmodel in Sources */,
				368DE39F21828F7200CCD255 /* ImageModel.swift in Sources */,
				E085DC7B21B36D83006E288A /* ModelViewController.swift in Sources */,
				367BA3342163FA1D00140314 /* AppDelegate.swift in Sources */,
				2537825F21B1103900E0203E /* LanguageViewController.swift in Sources */,
				E085DC4C21B343B6006E288A /* NewMLModel.mlmodel in Sources */,
				3616588121A0A09C002F3F64 /* ROGoogleTranslate.swift in Sources */,
			);
			runOnlyForDeploymentPostprocessing = 0;
		};
/* End PBXSourcesBuildPhase section */

/* Begin PBXVariantGroup section */
		367BA3392163FA1D00140314 /* Main.storyboard */ = {
			isa = PBXVariantGroup;
			children = (
				367BA33A2163FA1D00140314 /* Base */,
			);
			name = Main.storyboard;
			sourceTree = "<group>";
		};
		367BA33E2163FA1E00140314 /* LaunchScreen.storyboard */ = {
			isa = PBXVariantGroup;
			children = (
				367BA33F2163FA1E00140314 /* Base */,
			);
			name = LaunchScreen.storyboard;
			sourceTree = "<group>";
		};
/* End PBXVariantGroup section */

/* Begin XCBuildConfiguration section */
		367BA3422163FA1E00140314 /* Debug */ = {
			isa = XCBuildConfiguration;
			buildSettings = {
				ALWAYS_SEARCH_USER_PATHS = NO;
				CLANG_ANALYZER_NONNULL = YES;
				CLANG_ANALYZER_NUMBER_OBJECT_CONVERSION = YES_AGGRESSIVE;
				CLANG_CXX_LANGUAGE_STANDARD = "gnu++14";
				CLANG_CXX_LIBRARY = "libc++";
				CLANG_ENABLE_MODULES = YES;
				CLANG_ENABLE_OBJC_ARC = YES;
				CLANG_ENABLE_OBJC_WEAK = YES;
				CLANG_WARN_BLOCK_CAPTURE_AUTORELEASING = YES;
				CLANG_WARN_BOOL_CONVERSION = YES;
				CLANG_WARN_COMMA = YES;
				CLANG_WARN_CONSTANT_CONVERSION = YES;
				CLANG_WARN_DEPRECATED_OBJC_IMPLEMENTATIONS = YES;
				CLANG_WARN_DIRECT_OBJC_ISA_USAGE = YES_ERROR;
				CLANG_WARN_DOCUMENTATION_COMMENTS = YES;
				CLANG_WARN_EMPTY_BODY = YES;
				CLANG_WARN_ENUM_CONVERSION = YES;
				CLANG_WARN_INFINITE_RECURSION = YES;
				CLANG_WARN_INT_CONVERSION = YES;
				CLANG_WARN_NON_LITERAL_NULL_CONVERSION = YES;
				CLANG_WARN_OBJC_IMPLICIT_RETAIN_SELF = YES;
				CLANG_WARN_OBJC_LITERAL_CONVERSION = YES;
				CLANG_WARN_OBJC_ROOT_CLASS = YES_ERROR;
				CLANG_WARN_RANGE_LOOP_ANALYSIS = YES;
				CLANG_WARN_STRICT_PROTOTYPES = YES;
				CLANG_WARN_SUSPICIOUS_MOVE = YES;
				CLANG_WARN_UNGUARDED_AVAILABILITY = YES_AGGRESSIVE;
				CLANG_WARN_UNREACHABLE_CODE = YES;
				CLANG_WARN__DUPLICATE_METHOD_MATCH = YES;
				CODE_SIGN_IDENTITY = "iPhone Developer";
				COPY_PHASE_STRIP = NO;
				DEBUG_INFORMATION_FORMAT = dwarf;
				ENABLE_STRICT_OBJC_MSGSEND = YES;
				ENABLE_TESTABILITY = YES;
				GCC_C_LANGUAGE_STANDARD = gnu11;
				GCC_DYNAMIC_NO_PIC = NO;
				GCC_NO_COMMON_BLOCKS = YES;
				GCC_OPTIMIZATION_LEVEL = 0;
				GCC_PREPROCESSOR_DEFINITIONS = (
					"DEBUG=1",
					"$(inherited)",
				);
				GCC_WARN_64_TO_32_BIT_CONVERSION = YES;
				GCC_WARN_ABOUT_RETURN_TYPE = YES_ERROR;
				GCC_WARN_UNDECLARED_SELECTOR = YES;
				GCC_WARN_UNINITIALIZED_AUTOS = YES_AGGRESSIVE;
				GCC_WARN_UNUSED_FUNCTION = YES;
				GCC_WARN_UNUSED_VARIABLE = YES;
				IPHONEOS_DEPLOYMENT_TARGET = 12.0;
				MTL_ENABLE_DEBUG_INFO = INCLUDE_SOURCE;
				MTL_FAST_MATH = YES;
				ONLY_ACTIVE_ARCH = YES;
				SDKROOT = iphoneos;
				SWIFT_ACTIVE_COMPILATION_CONDITIONS = DEBUG;
				SWIFT_OPTIMIZATION_LEVEL = "-Onone";
			};
			name = Debug;
		};
		367BA3432163FA1E00140314 /* Release */ = {
			isa = XCBuildConfiguration;
			buildSettings = {
				ALWAYS_SEARCH_USER_PATHS = NO;
				CLANG_ANALYZER_NONNULL = YES;
				CLANG_ANALYZER_NUMBER_OBJECT_CONVERSION = YES_AGGRESSIVE;
				CLANG_CXX_LANGUAGE_STANDARD = "gnu++14";
				CLANG_CXX_LIBRARY = "libc++";
				CLANG_ENABLE_MODULES = YES;
				CLANG_ENABLE_OBJC_ARC = YES;
				CLANG_ENABLE_OBJC_WEAK = YES;
				CLANG_WARN_BLOCK_CAPTURE_AUTORELEASING = YES;
				CLANG_WARN_BOOL_CONVERSION = YES;
				CLANG_WARN_COMMA = YES;
				CLANG_WARN_CONSTANT_CONVERSION = YES;
				CLANG_WARN_DEPRECATED_OBJC_IMPLEMENTATIONS = YES;
				CLANG_WARN_DIRECT_OBJC_ISA_USAGE = YES_ERROR;
				CLANG_WARN_DOCUMENTATION_COMMENTS = YES;
				CLANG_WARN_EMPTY_BODY = YES;
				CLANG_WARN_ENUM_CONVERSION = YES;
				CLANG_WARN_INFINITE_RECURSION = YES;
				CLANG_WARN_INT_CONVERSION = YES;
				CLANG_WARN_NON_LITERAL_NULL_CONVERSION = YES;
				CLANG_WARN_OBJC_IMPLICIT_RETAIN_SELF = YES;
				CLANG_WARN_OBJC_LITERAL_CONVERSION = YES;
				CLANG_WARN_OBJC_ROOT_CLASS = YES_ERROR;
				CLANG_WARN_RANGE_LOOP_ANALYSIS = YES;
				CLANG_WARN_STRICT_PROTOTYPES = YES;
				CLANG_WARN_SUSPICIOUS_MOVE = YES;
				CLANG_WARN_UNGUARDED_AVAILABILITY = YES_AGGRESSIVE;
				CLANG_WARN_UNREACHABLE_CODE = YES;
				CLANG_WARN__DUPLICATE_METHOD_MATCH = YES;
				CODE_SIGN_IDENTITY = "iPhone Developer";
				COPY_PHASE_STRIP = NO;
				DEBUG_INFORMATION_FORMAT = "dwarf-with-dsym";
				ENABLE_NS_ASSERTIONS = NO;
				ENABLE_STRICT_OBJC_MSGSEND = YES;
				GCC_C_LANGUAGE_STANDARD = gnu11;
				GCC_NO_COMMON_BLOCKS = YES;
				GCC_WARN_64_TO_32_BIT_CONVERSION = YES;
				GCC_WARN_ABOUT_RETURN_TYPE = YES_ERROR;
				GCC_WARN_UNDECLARED_SELECTOR = YES;
				GCC_WARN_UNINITIALIZED_AUTOS = YES_AGGRESSIVE;
				GCC_WARN_UNUSED_FUNCTION = YES;
				GCC_WARN_UNUSED_VARIABLE = YES;
				IPHONEOS_DEPLOYMENT_TARGET = 12.0;
				MTL_ENABLE_DEBUG_INFO = NO;
				MTL_FAST_MATH = YES;
				SDKROOT = iphoneos;
				SWIFT_COMPILATION_MODE = wholemodule;
				SWIFT_OPTIMIZATION_LEVEL = "-O";
				VALIDATE_PRODUCT = YES;
			};
			name = Release;
		};
		367BA3452163FA1E00140314 /* Debug */ = {
			isa = XCBuildConfiguration;
			buildSettings = {
				ASSETCATALOG_COMPILER_APPICON_NAME = AppIcon;
				CODE_SIGN_STYLE = Automatic;
				DEVELOPMENT_TEAM = 24NJ768TWH;
				INFOPLIST_FILE = ARKitDemo/Info.plist;
				IPHONEOS_DEPLOYMENT_TARGET = 12.1;
				LD_RUNPATH_SEARCH_PATHS = (
					"$(inherited)",
					"@executable_path/Frameworks",
				);
				PRODUCT_BUNDLE_IDENTIFIER = com.mcfi3rce.ARKitDemo;
				PRODUCT_NAME = "$(TARGET_NAME)";
				SWIFT_VERSION = 4.2;
				TARGETED_DEVICE_FAMILY = "1,2";
			};
			name = Debug;
		};
		367BA3462163FA1E00140314 /* Release */ = {
			isa = XCBuildConfiguration;
			buildSettings = {
				ASSETCATALOG_COMPILER_APPICON_NAME = AppIcon;
				CODE_SIGN_STYLE = Automatic;
				DEVELOPMENT_TEAM = 24NJ768TWH;
				INFOPLIST_FILE = ARKitDemo/Info.plist;
				IPHONEOS_DEPLOYMENT_TARGET = 12.1;
				LD_RUNPATH_SEARCH_PATHS = (
					"$(inherited)",
					"@executable_path/Frameworks",
				);
				PRODUCT_BUNDLE_IDENTIFIER = com.mcfi3rce.ARKitDemo;
				PRODUCT_NAME = "$(TARGET_NAME)";
				SWIFT_VERSION = 4.2;
				TARGETED_DEVICE_FAMILY = "1,2";
			};
			name = Release;
		};
/* End XCBuildConfiguration section */

/* Begin XCConfigurationList section */
		367BA32B2163FA1D00140314 /* Build configuration list for PBXProject "ARKitDemo" */ = {
			isa = XCConfigurationList;
			buildConfigurations = (
				367BA3422163FA1E00140314 /* Debug */,
				367BA3432163FA1E00140314 /* Release */,
			);
			defaultConfigurationIsVisible = 0;
			defaultConfigurationName = Release;
		};
		367BA3442163FA1E00140314 /* Build configuration list for PBXNativeTarget "ARKitDemo" */ = {
			isa = XCConfigurationList;
			buildConfigurations = (
				367BA3452163FA1E00140314 /* Debug */,
				367BA3462163FA1E00140314 /* Release */,
			);
			defaultConfigurationIsVisible = 0;
			defaultConfigurationName = Release;
		};
/* End XCConfigurationList section */
	};
	rootObject = 367BA3282163FA1D00140314 /* Project object */;
}
